
Microsoft Visual Studio Solution File, Format Version 12.00
# Visual Studio Version 16
VisualStudioVersion = 16.0.29814.53
MinimumVisualStudioVersion = 10.0.40219.1
Project("{FAE04EC0-301F-11D3-BF4B-00C04F79EFBC}") = "Network Meter", "Network Meter.csproj", "{59728D66-110D-4816-8939-D02F6D067FD4}"
EndProject
Global
	GlobalSection(SolutionConfigurationPlatforms) = preSolution
		Debug|Any CPU = Debug|Any CPU
		Release|Any CPU = Release|Any CPU
	EndGlobalSection
	GlobalSection(ProjectConfigurationPlatforms) = postSolution
		{59728D66-110D-4816-8939-D02F6D067FD4}.Debug|Any CPU.ActiveCfg = Debug|Any CPU
		{59728D66-110D-4816-8939-D02F6D067FD4}.Debug|Any CPU.Build.0 = Debug|Any CPU
		{59728D66-110D-4816-8939-D02F6D067FD4}.Release|Any CPU.ActiveCfg = Release|Any CPU
		{59728D66-110D-4816-8939-D02F6D067FD4}.Release|Any CPU.Build.0 = Release|Any CPU
	EndGlobalSection
	GlobalSection(SolutionProperties) = preSolution
		HideSolutionNode = FALSE
	EndGlobalSection
	GlobalSection(ExtensibilityGlobals) = postSolution
		SolutionGuid = {ECED6172-E2AC-4319-8E9A-146DA030D7CD}
	EndGlobalSection
EndGlobal
